// !$*UTF8*$!
{
	archiveVersion = 1;
	classes = {
	};
	objectVersion = 50;
	objects = {

/* Begin PBXBuildFile section */
		8DDE5893242A4BCE00649841 /* AppDelegate.swift in Sources */ = {isa = PBXBuildFile; fileRef = 8DDE5892242A4BCE00649841 /* AppDelegate.swift */; };
		8DDE5895242A4BCE00649841 /* SceneDelegate.swift in Sources */ = {isa = PBXBuildFile; fileRef = 8DDE5894242A4BCE00649841 /* SceneDelegate.swift */; };
		8DDE5897242A4BCE00649841 /* ContentView.swift in Sources */ = {isa = PBXBuildFile; fileRef = 8DDE5896242A4BCE00649841 /* ContentView.swift */; };
		8DDE5899242A4BCF00649841 /* Assets.xcassets in Resources */ = {isa = PBXBuildFile; fileRef = 8DDE5898242A4BCF00649841 /* Assets.xcassets */; };
		8DDE589C242A4BCF00649841 /* Preview Assets.xcassets in Resources */ = {isa = PBXBuildFile; fileRef = 8DDE589B242A4BCF00649841 /* Preview Assets.xcassets */; };
		8DDE589F242A4BCF00649841 /* LaunchScreen.storyboard in Resources */ = {isa = PBXBuildFile; fileRef = 8DDE589D242A4BCF00649841 /* LaunchScreen.storyboard */; };
		8DDE58A8242A62A800649841 /* Pacifico-Regular.ttf in Resources */ = {isa = PBXBuildFile; fileRef = 8DDE58A7242A62A800649841 /* Pacifico-Regular.ttf */; };
		8DDE58AA242AB06E00649841 /* InfoView.swift in Sources */ = {isa = PBXBuildFile; fileRef = 8DDE58A9242AB06E00649841 /* InfoView.swift */; };
/* End PBXBuildFile section */

/* Begin PBXFileReference section */
		8DDE588F242A4BCE00649841 /* SwiftUITest-iOS13.app */ = {isa = PBXFileReference; explicitFileType = wrapper.application; includeInIndex = 0; path = "SwiftUITest-iOS13.app"; sourceTree = BUILT_PRODUCTS_DIR; };
		8DDE5892242A4BCE00649841 /* AppDelegate.swift */ = {isa = PBXFileReference; lastKnownFileType = sourcecode.swift; path = AppDelegate.swift; sourceTree = "<group>"; };
		8DDE5894242A4BCE00649841 /* SceneDelegate.swift */ = {isa = PBXFileReference; lastKnownFileType = sourcecode.swift; path = SceneDelegate.swift; sourceTree = "<group>"; };
		8DDE5896242A4BCE00649841 /* ContentView.swift */ = {isa = PBXFileReference; lastKnownFileType = sourcecode.swift; path = ContentView.swift; sourceTree = "<group>"; };
		8DDE5898242A4BCF00649841 /* Assets.xcassets */ = {isa = PBXFileReference; lastKnownFileType = folder.assetcatalog; path = Assets.xcassets; sourceTree = "<group>"; };
		8DDE589B242A4BCF00649841 /* Preview Assets.xcassets */ = {isa = PBXFileReference; lastKnownFileType = folder.assetcatalog; path = "Preview Assets.xcassets"; sourceTree = "<group>"; };
		8DDE589E242A4BCF00649841 /* Base */ = {isa = PBXFileReference; lastKnownFileType = file.storyboard; name = Base; path = Base.lproj/LaunchScreen.storyboard; sourceTree = "<group>"; };
		8DDE58A0242A4BCF00649841 /* Info.plist */ = {isa = PBXFileReference; lastKnownFileType = text.plist.xml; path = Info.plist; sourceTree = "<group>"; };
		8DDE58A7242A62A800649841 /* Pacifico-Regular.ttf */ = {isa = PBXFileReference; lastKnownFileType = file; path = "Pacifico-Regular.ttf"; sourceTree = "<group>"; };
		8DDE58A9242AB06E00649841 /* InfoView.swift */ = {isa = PBXFileReference; lastKnownFileType = sourcecode.swift; path = InfoView.swift; sourceTree = "<group>"; };
/* End PBXFileReference section */

/* Begin PBXFrameworksBuildPhase section */
		8DDE588C242A4BCE00649841 /* Frameworks */ = {
			isa = PBXFrameworksBuildPhase;
			buildActionMask = 2147483647;
			files = (
			);
			runOnlyForDeploymentPostprocessing = 0;
		};
/* End PBXFrameworksBuildPhase section */

/* Begin PBXGroup section */
		8DDE5886242A4BCE00649841 = {
			isa = PBXGroup;
			children = (
				8DDE5891242A4BCE00649841 /* SwiftUITest-iOS13 */,
				8DDE5890242A4BCE00649841 /* Products */,
			);
			sourceTree = "<group>";
		};
		8DDE5890242A4BCE00649841 /* Products */ = {
			isa = PBXGroup;
			children = (
				8DDE588F242A4BCE00649841 /* SwiftUITest-iOS13.app */,
			);
			name = Products;
			sourceTree = "<group>";
		};
		8DDE5891242A4BCE00649841 /* SwiftUITest-iOS13 */ = {
			isa = PBXGroup;
			children = (
				8DDE58A6242A627900649841 /* Fonts */,
				8DDE5892242A4BCE00649841 /* AppDelegate.swift */,
				8DDE5894242A4BCE00649841 /* SceneDelegate.swift */,
				8DDE5896242A4BCE00649841 /* ContentView.swift */,
				8DDE58A9242AB06E00649841 /* InfoView.swift */,
				8DDE5898242A4BCF00649841 /* Assets.xcassets */,
				8DDE589D242A4BCF00649841 /* LaunchScreen.storyboard */,
				8DDE58A0242A4BCF00649841 /* Info.plist */,
				8DDE589A242A4BCF00649841 /* Preview Content */,
			);
			path = "SwiftUITest-iOS13";
			sourceTree = "<group>";
		};
		8DDE589A242A4BCF00649841 /* Preview Content */ = {
			isa = PBXGroup;
			children = (
				8DDE589B242A4BCF00649841 /* Preview Assets.xcassets */,
			);
			path = "Preview Content";
			sourceTree = "<group>";
		};
		8DDE58A6242A627900649841 /* Fonts */ = {
			isa = PBXGroup;
			children = (
				8DDE58A7242A62A800649841 /* Pacifico-Regular.ttf */,
			);
			path = Fonts;
			sourceTree = "<group>";
		};
/* End PBXGroup section */

/* Begin PBXNativeTarget section */
		8DDE588E242A4BCE00649841 /* SwiftUITest-iOS13 */ = {
			isa = PBXNativeTarget;
			buildConfigurationList = 8DDE58A3242A4BCF00649841 /* Build configuration list for PBXNativeTarget "SwiftUITest-iOS13" */;
			buildPhases = (
				8DDE588B242A4BCE00649841 /* Sources */,
				8DDE588C242A4BCE00649841 /* Frameworks */,
				8DDE588D242A4BCE00649841 /* Resources */,
			);
			buildRules = (
			);
			dependencies = (
			);
			name = "SwiftUITest-iOS13";
			productName = "SwiftUITest-iOS13";
			productReference = 8DDE588F242A4BCE00649841 /* SwiftUITest-iOS13.app */;
			productType = "com.apple.product-type.application";
		};
/* End PBXNativeTarget section */

/* Begin PBXProject section */
		8DDE5887242A4BCE00649841 /* Project object */ = {
			isa = PBXProject;
			attributes = {
				LastSwiftUpdateCheck = 1130;
				LastUpgradeCheck = 1130;
				ORGANIZATIONNAME = "Dennis Nesanoff";
				TargetAttributes = {
					8DDE588E242A4BCE00649841 = {
						CreatedOnToolsVersion = 11.3.1;
					};
				};
			};
			buildConfigurationList = 8DDE588A242A4BCE00649841 /* Build configuration list for PBXProject "SwiftUITest-iOS13" */;
			compatibilityVersion = "Xcode 9.3";
			developmentRegion = en;
			hasScannedForEncodings = 0;
			knownRegions = (
				en,
				Base,
			);
			mainGroup = 8DDE5886242A4BCE00649841;
			productRefGroup = 8DDE5890242A4BCE00649841 /* Products */;
			projectDirPath = "";
			projectRoot = "";
			targets = (
				8DDE588E242A4BCE00649841 /* SwiftUITest-iOS13 */,
			);
		};
/* End PBXProject section */

/* Begin PBXResourcesBuildPhase section */
		8DDE588D242A4BCE00649841 /* Resources */ = {
			isa = PBXResourcesBuildPhase;
			buildActionMask = 2147483647;
			files = (
				8DDE589F242A4BCF00649841 /* LaunchScreen.storyboard in Resources */,
				8DDE58A8242A62A800649841 /* Pacifico-Regular.ttf in Resources */,
				8DDE589C242A4BCF00649841 /* Preview Assets.xcassets in Resources */,
				8DDE5899242A4BCF00649841 /* Assets.xcassets in Resources */,
			);
			runOnlyForDeploymentPostprocessing = 0;
		};
/* End PBXResourcesBuildPhase section */

/* Begin PBXSourcesBuildPhase section */
		8DDE588B242A4BCE00649841 /* Sources */ = {
			isa = PBXSourcesBuildPhase;
			buildActionMask = 2147483647;
			files = (
				8DDE58AA242AB06E00649841 /* InfoView.swift in Sources */,
				8DDE5893242A4BCE00649841 /* AppDelegate.swift in Sources */,
				8DDE5895242A4BCE00649841 /* SceneDelegate.swift in Sources */,
				8DDE5897242A4BCE00649841 /* ContentView.swift in Sources */,
			);
			runOnlyForDeploymentPostprocessing = 0;
		};
/* End PBXSourcesBuildPhase section */

/* Begin PBXVariantGroup section */
		8DDE589D242A4BCF00649841 /* LaunchScreen.storyboard */ = {
			isa = PBXVariantGroup;
			children = (
				8DDE589E242A4BCF00649841 /* Base */,
			);
			name = LaunchScreen.storyboard;
			sourceTree = "<group>";
		};
/* End PBXVariantGroup section */

/* Begin XCBuildConfiguration section */
		8DDE58A1242A4BCF00649841 /* Debug */ = {
			isa = XCBuildConfiguration;
			buildSettings = {
				ALWAYS_SEARCH_USER_PATHS = NO;
				CLANG_ANALYZER_NONNULL = YES;
				CLANG_ANALYZER_NUMBER_OBJECT_CONVERSION = YES_AGGRESSIVE;
				CLANG_CXX_LANGUAGE_STANDARD = "gnu++14";
				CLANG_CXX_LIBRARY = "libc++";
				CLANG_ENABLE_MODULES = YES;
				CLANG_ENABLE_OBJC_ARC = YES;
				CLANG_ENABLE_OBJC_WEAK = YES;
				CLANG_WARN_BLOCK_CAPTURE_AUTORELEASING = YES;
				CLANG_WARN_BOOL_CONVERSION = YES;
				CLANG_WARN_COMMA = YES;
				CLANG_WARN_CONSTANT_CONVERSION = YES;
				CLANG_WARN_DEPRECATED_OBJC_IMPLEMENTATIONS = YES;
				CLANG_WARN_DIRECT_OBJC_ISA_USAGE = YES_ERROR;
				CLANG_WARN_DOCUMENTATION_COMMENTS = YES;
				CLANG_WARN_EMPTY_BODY = YES;
				CLANG_WARN_ENUM_CONVERSION = YES;
				CLANG_WARN_INFINITE_RECURSION = YES;
				CLANG_WARN_INT_CONVERSION = YES;
				CLANG_WARN_NON_LITERAL_NULL_CONVERSION = YES;
				CLANG_WARN_OBJC_IMPLICIT_RETAIN_SELF = YES;
				CLANG_WARN_OBJC_LITERAL_CONVERSION = YES;
				CLANG_WARN_OBJC_ROOT_CLASS = YES_ERROR;
				CLANG_WARN_RANGE_LOOP_ANALYSIS = YES;
				CLANG_WARN_STRICT_PROTOTYPES = YES;
				CLANG_WARN_SUSPICIOUS_MOVE = YES;
				CLANG_WARN_UNGUARDED_AVAILABILITY = YES_AGGRESSIVE;
				CLANG_WARN_UNREACHABLE_CODE = YES;
				CLANG_WARN__DUPLICATE_METHOD_MATCH = YES;
				COPY_PHASE_STRIP = NO;
				DEBUG_INFORMATION_FORMAT = dwarf;
				ENABLE_STRICT_OBJC_MSGSEND = YES;
				ENABLE_TESTABILITY = YES;
				GCC_C_LANGUAGE_STANDARD = gnu11;
				GCC_DYNAMIC_NO_PIC = NO;
				GCC_NO_COMMON_BLOCKS = YES;
				GCC_OPTIMIZATION_LEVEL = 0;
				GCC_PREPROCESSOR_DEFINITIONS = (
					"DEBUG=1",
					"$(inherited)",
				);
				GCC_WARN_64_TO_32_BIT_CONVERSION = YES;
				GCC_WARN_ABOUT_RETURN_TYPE = YES_ERROR;
				GCC_WARN_UNDECLARED_SELECTOR = YES;
				GCC_WARN_UNINITIALIZED_AUTOS = YES_AGGRESSIVE;
				GCC_WARN_UNUSED_FUNCTION = YES;
				GCC_WARN_UNUSED_VARIABLE = YES;
				IPHONEOS_DEPLOYMENT_TARGET = 13.2;
				MTL_ENABLE_DEBUG_INFO = INCLUDE_SOURCE;
				MTL_FAST_MATH = YES;
				ONLY_ACTIVE_ARCH = YES;
				SDKROOT = iphoneos;
				SWIFT_ACTIVE_COMPILATION_CONDITIONS = DEBUG;
				SWIFT_OPTIMIZATION_LEVEL = "-Onone";
			};
			name = Debug;
		};
		8DDE58A2242A4BCF00649841 /* Release */ = {
			isa = XCBuildConfiguration;
			buildSettings = {
				ALWAYS_SEARCH_USER_PATHS = NO;
				CLANG_ANALYZER_NONNULL = YES;
				CLANG_ANALYZER_NUMBER_OBJECT_CONVERSION = YES_AGGRESSIVE;
				CLANG_CXX_LANGUAGE_STANDARD = "gnu++14";
				CLANG_CXX_LIBRARY = "libc++";
				CLANG_ENABLE_MODULES = YES;
				CLANG_ENABLE_OBJC_ARC = YES;
				CLANG_ENABLE_OBJC_WEAK = YES;
				CLANG_WARN_BLOCK_CAPTURE_AUTORELEASING = YES;
				CLANG_WARN_BOOL_CONVERSION = YES;
				CLANG_WARN_COMMA = YES;
				CLANG_WARN_CONSTANT_CONVERSION = YES;
				CLANG_WARN_DEPRECATED_OBJC_IMPLEMENTATIONS = YES;
				CLANG_WARN_DIRECT_OBJC_ISA_USAGE = YES_ERROR;
				CLANG_WARN_DOCUMENTATION_COMMENTS = YES;
				CLANG_WARN_EMPTY_BODY = YES;
				CLANG_WARN_ENUM_CONVERSION = YES;
				CLANG_WARN_INFINITE_RECURSION = YES;
				CLANG_WARN_INT_CONVERSION = YES;
				CLANG_WARN_NON_LITERAL_NULL_CONVERSION = YES;
				CLANG_WARN_OBJC_IMPLICIT_RETAIN_SELF = YES;
				CLANG_WARN_OBJC_LITERAL_CONVERSION = YES;
				CLANG_WARN_OBJC_ROOT_CLASS = YES_ERROR;
				CLANG_WARN_RANGE_LOOP_ANALYSIS = YES;
				CLANG_WARN_STRICT_PROTOTYPES = YES;
				CLANG_WARN_SUSPICIOUS_MOVE = YES;
				CLANG_WARN_UNGUARDED_AVAILABILITY = YES_AGGRESSIVE;
				CLANG_WARN_UNREACHABLE_CODE = YES;
				CLANG_WARN__DUPLICATE_METHOD_MATCH = YES;
				COPY_PHASE_STRIP = NO;
				DEBUG_INFORMATION_FORMAT = "dwarf-with-dsym";
				ENABLE_NS_ASSERTIONS = NO;
				ENABLE_STRICT_OBJC_MSGSEND = YES;
				GCC_C_LANGUAGE_STANDARD = gnu11;
				GCC_NO_COMMON_BLOCKS = YES;
				GCC_WARN_64_TO_32_BIT_CONVERSION = YES;
				GCC_WARN_ABOUT_RETURN_TYPE = YES_ERROR;
				GCC_WARN_UNDECLARED_SELECTOR = YES;
				GCC_WARN_UNINITIALIZED_AUTOS = YES_AGGRESSIVE;
				GCC_WARN_UNUSED_FUNCTION = YES;
				GCC_WARN_UNUSED_VARIABLE = YES;
				IPHONEOS_DEPLOYMENT_TARGET = 13.2;
				MTL_ENABLE_DEBUG_INFO = NO;
				MTL_FAST_MATH = YES;
				SDKROOT = iphoneos;
				SWIFT_COMPILATION_MODE = wholemodule;
				SWIFT_OPTIMIZATION_LEVEL = "-O";
				VALIDATE_PRODUCT = YES;
			};
			name = Release;
		};
		8DDE58A4242A4BCF00649841 /* Debug */ = {
			isa = XCBuildConfiguration;
			buildSettings = {
				ASSETCATALOG_COMPILER_APPICON_NAME = AppIcon;
				CODE_SIGN_STYLE = Automatic;
				DEVELOPMENT_ASSET_PATHS = "\"SwiftUITest-iOS13/Preview Content\"";
				DEVELOPMENT_TEAM = C4R95F3PX7;
				ENABLE_PREVIEWS = YES;
				INFOPLIST_FILE = "SwiftUITest-iOS13/Info.plist";
				LD_RUNPATH_SEARCH_PATHS = (
					"$(inherited)",
					"@executable_path/Frameworks",
				);
				PRODUCT_BUNDLE_IDENTIFIER = "nesanoff.SwiftUITest-iOS13";
				PRODUCT_NAME = "$(TARGET_NAME)";
				SWIFT_VERSION = 5.0;
				TARGETED_DEVICE_FAMILY = "1,2";
			};
			name = Debug;
		};
		8DDE58A5242A4BCF00649841 /* Release */ = {
			isa = XCBuildConfiguration;
			buildSettings = {
				ASSETCATALOG_COMPILER_APPICON_NAME = AppIcon;
				CODE_SIGN_STYLE = Automatic;
				DEVELOPMENT_ASSET_PATHS = "\"SwiftUITest-iOS13/Preview Content\"";
				DEVELOPMENT_TEAM = C4R95F3PX7;
				ENABLE_PREVIEWS = YES;
				INFOPLIST_FILE = "SwiftUITest-iOS13/Info.plist";
				LD_RUNPATH_SEARCH_PATHS = (
					"$(inherited)",
					"@executable_path/Frameworks",
				);
				PRODUCT_BUNDLE_IDENTIFIER = "nesanoff.SwiftUITest-iOS13";
				PRODUCT_NAME = "$(TARGET_NAME)";
				SWIFT_VERSION = 5.0;
				TARGETED_DEVICE_FAMILY = "1,2";
			};
			name = Release;
		};
/* End XCBuildConfiguration section */

/* Begin XCConfigurationList section */
		8DDE588A242A4BCE00649841 /* Build configuration list for PBXProject "SwiftUITest-iOS13" */ = {
			isa = XCConfigurationList;
			buildConfigurations = (
				8DDE58A1242A4BCF00649841 /* Debug */,
				8DDE58A2242A4BCF00649841 /* Release */,
			);
			defaultConfigurationIsVisible = 0;
			defaultConfigurationName = Release;
		};
		8DDE58A3242A4BCF00649841 /* Build configuration list for PBXNativeTarget "SwiftUITest-iOS13" */ = {
			isa = XCConfigurationList;
			buildConfigurations = (
				8DDE58A4242A4BCF00649841 /* Debug */,
				8DDE58A5242A4BCF00649841 /* Release */,
			);
			defaultConfigurationIsVisible = 0;
			defaultConfigurationName = Release;
		};
/* End XCConfigurationList section */
	};
	rootObject = 8DDE5887242A4BCE00649841 /* Project object */;
}
